// !$*UTF8*$!
{
	archiveVersion = 1;
	classes = {
	};
	objectVersion = 56;
	objects = {

/* Begin PBXBuildFile section */
		B708B4D6291B0B8100834CEE /* Movie.swift in Sources */ = {isa = PBXBuildFile; fileRef = B708B4D5291B0B8100834CEE /* Movie.swift */; };
		B708B4D8291B140A00834CEE /* MovieList.swift in Sources */ = {isa = PBXBuildFile; fileRef = B708B4D7291B140A00834CEE /* MovieList.swift */; };
		B708B4DA291B1E2F00834CEE /* ImageUrl.swift in Sources */ = {isa = PBXBuildFile; fileRef = B708B4D9291B1E2F00834CEE /* ImageUrl.swift */; };
		B708B4DC291B209200834CEE /* PhotoWall.swift in Sources */ = {isa = PBXBuildFile; fileRef = B708B4DB291B209200834CEE /* PhotoWall.swift */; };
		B740760229126F4C00D81833 /* ContextMenu.swift in Sources */ = {isa = PBXBuildFile; fileRef = B740760129126F4C00D81833 /* ContextMenu.swift */; };
		B77553622901CC8C00495914 /* visagesApp.swift in Sources */ = {isa = PBXBuildFile; fileRef = B77553612901CC8C00495914 /* visagesApp.swift */; };
		B77553642901CC8C00495914 /* ContentView.swift in Sources */ = {isa = PBXBuildFile; fileRef = B77553632901CC8C00495914 /* ContentView.swift */; };
		B77553662901CC9100495914 /* Assets.xcassets in Resources */ = {isa = PBXBuildFile; fileRef = B77553652901CC9100495914 /* Assets.xcassets */; };
		B77553692901CC9100495914 /* Preview Assets.xcassets in Resources */ = {isa = PBXBuildFile; fileRef = B77553682901CC9100495914 /* Preview Assets.xcassets */; };
		B77553702901E1D400495914 /* ImageModifier.swift in Sources */ = {isa = PBXBuildFile; fileRef = B775536F2901E1D300495914 /* ImageModifier.swift */; };
		B77553722902619C00495914 /* films.json in Resources */ = {isa = PBXBuildFile; fileRef = B77553712902619C00495914 /* films.json */; };
		B77553742902674B00495914 /* VisageUrls.swift in Sources */ = {isa = PBXBuildFile; fileRef = B77553732902674A00495914 /* VisageUrls.swift */; };
		B7A7B67E2902CDEC002C4263 /* CustomSlider.swift in Sources */ = {isa = PBXBuildFile; fileRef = B7A7B67D2902CDEC002C4263 /* CustomSlider.swift */; };
		B7A7B6802906A892002C4263 /* DVDPlayer.swift in Sources */ = {isa = PBXBuildFile; fileRef = B7A7B67F2906A891002C4263 /* DVDPlayer.swift */; };
		B7A7B6822906AA81002C4263 /* MockCover.swift in Sources */ = {isa = PBXBuildFile; fileRef = B7A7B6812906AA81002C4263 /* MockCover.swift */; };
		B7A7B6842906D4C7002C4263 /* JSONFileLoader.swift in Sources */ = {isa = PBXBuildFile; fileRef = B7A7B6832906D4C7002C4263 /* JSONFileLoader.swift */; };
		B7A7B6862906D6D7002C4263 /* Visage.swift in Sources */ = {isa = PBXBuildFile; fileRef = B7A7B6852906D6D7002C4263 /* Visage.swift */; };
		B7A7B6882906DDF8002C4263 /* ListView.swift in Sources */ = {isa = PBXBuildFile; fileRef = B7A7B6872906DDF8002C4263 /* ListView.swift */; };
		B7A7B68A290714F0002C4263 /* WallView.swift in Sources */ = {isa = PBXBuildFile; fileRef = B7A7B689290714F0002C4263 /* WallView.swift */; };
		B7A7B68C290715AD002C4263 /* Zoomable.swift in Sources */ = {isa = PBXBuildFile; fileRef = B7A7B68B290715AD002C4263 /* Zoomable.swift */; };
		B7A7B68E2907162E002C4263 /* SimpleSlider.swift in Sources */ = {isa = PBXBuildFile; fileRef = B7A7B68D2907162E002C4263 /* SimpleSlider.swift */; };
		B7A7B690290716C7002C4263 /* NetworkImage.swift in Sources */ = {isa = PBXBuildFile; fileRef = B7A7B68F290716C7002C4263 /* NetworkImage.swift */; };
		B7A9ED9129090ED6008A1B62 /* CachedAsyncImage in Frameworks */ = {isa = PBXBuildFile; productRef = B7A9ED9029090ED6008A1B62 /* CachedAsyncImage */; };
		B7AAEDEA291B920B00093936 /* ImageUrls.swift in Sources */ = {isa = PBXBuildFile; fileRef = B7AAEDE9291B920B00093936 /* ImageUrls.swift */; };
/* End PBXBuildFile section */

/* Begin PBXFileReference section */
		B708B4D5291B0B8100834CEE /* Movie.swift */ = {isa = PBXFileReference; lastKnownFileType = sourcecode.swift; path = Movie.swift; sourceTree = "<group>"; };
		B708B4D7291B140A00834CEE /* MovieList.swift */ = {isa = PBXFileReference; lastKnownFileType = sourcecode.swift; path = MovieList.swift; sourceTree = "<group>"; };
		B708B4D9291B1E2F00834CEE /* ImageUrl.swift */ = {isa = PBXFileReference; lastKnownFileType = sourcecode.swift; path = ImageUrl.swift; sourceTree = "<group>"; };
		B708B4DB291B209200834CEE /* PhotoWall.swift */ = {isa = PBXFileReference; lastKnownFileType = sourcecode.swift; path = PhotoWall.swift; sourceTree = "<group>"; };
		B740760129126F4C00D81833 /* ContextMenu.swift */ = {isa = PBXFileReference; lastKnownFileType = sourcecode.swift; path = ContextMenu.swift; sourceTree = "<group>"; };
		B775535E2901CC8C00495914 /* visages.app */ = {isa = PBXFileReference; explicitFileType = wrapper.application; includeInIndex = 0; path = visages.app; sourceTree = BUILT_PRODUCTS_DIR; };
		B77553612901CC8C00495914 /* visagesApp.swift */ = {isa = PBXFileReference; lastKnownFileType = sourcecode.swift; path = visagesApp.swift; sourceTree = "<group>"; };
		B77553632901CC8C00495914 /* ContentView.swift */ = {isa = PBXFileReference; lastKnownFileType = sourcecode.swift; path = ContentView.swift; sourceTree = "<group>"; };
		B77553652901CC9100495914 /* Assets.xcassets */ = {isa = PBXFileReference; lastKnownFileType = folder.assetcatalog; path = Assets.xcassets; sourceTree = "<group>"; };
		B77553682901CC9100495914 /* Preview Assets.xcassets */ = {isa = PBXFileReference; lastKnownFileType = folder.assetcatalog; path = "Preview Assets.xcassets"; sourceTree = "<group>"; };
		B775536F2901E1D300495914 /* ImageModifier.swift */ = {isa = PBXFileReference; lastKnownFileType = sourcecode.swift; path = ImageModifier.swift; sourceTree = "<group>"; };
		B77553712902619C00495914 /* films.json */ = {isa = PBXFileReference; lastKnownFileType = text.json; path = films.json; sourceTree = "<group>"; };
		B77553732902674A00495914 /* VisageUrls.swift */ = {isa = PBXFileReference; lastKnownFileType = sourcecode.swift; path = VisageUrls.swift; sourceTree = "<group>"; };
		B7A7B67D2902CDEC002C4263 /* CustomSlider.swift */ = {isa = PBXFileReference; lastKnownFileType = sourcecode.swift; path = CustomSlider.swift; sourceTree = "<group>"; };
		B7A7B67F2906A891002C4263 /* DVDPlayer.swift */ = {isa = PBXFileReference; lastKnownFileType = sourcecode.swift; path = DVDPlayer.swift; sourceTree = "<group>"; };
		B7A7B6812906AA81002C4263 /* MockCover.swift */ = {isa = PBXFileReference; lastKnownFileType = sourcecode.swift; path = MockCover.swift; sourceTree = "<group>"; };
		B7A7B6832906D4C7002C4263 /* JSONFileLoader.swift */ = {isa = PBXFileReference; lastKnownFileType = sourcecode.swift; path = JSONFileLoader.swift; sourceTree = "<group>"; };
		B7A7B6852906D6D7002C4263 /* Visage.swift */ = {isa = PBXFileReference; lastKnownFileType = sourcecode.swift; path = Visage.swift; sourceTree = "<group>"; };
		B7A7B6872906DDF8002C4263 /* ListView.swift */ = {isa = PBXFileReference; lastKnownFileType = sourcecode.swift; path = ListView.swift; sourceTree = "<group>"; };
		B7A7B689290714F0002C4263 /* WallView.swift */ = {isa = PBXFileReference; lastKnownFileType = sourcecode.swift; path = WallView.swift; sourceTree = "<group>"; };
		B7A7B68B290715AD002C4263 /* Zoomable.swift */ = {isa = PBXFileReference; lastKnownFileType = sourcecode.swift; path = Zoomable.swift; sourceTree = "<group>"; };
		B7A7B68D2907162E002C4263 /* SimpleSlider.swift */ = {isa = PBXFileReference; lastKnownFileType = sourcecode.swift; path = SimpleSlider.swift; sourceTree = "<group>"; };
		B7A7B68F290716C7002C4263 /* NetworkImage.swift */ = {isa = PBXFileReference; lastKnownFileType = sourcecode.swift; path = NetworkImage.swift; sourceTree = "<group>"; };
		B7AAEDE9291B920B00093936 /* ImageUrls.swift */ = {isa = PBXFileReference; lastKnownFileType = sourcecode.swift; path = ImageUrls.swift; sourceTree = "<group>"; };
		B7AAEDEB291BE10900093936 /* README.md */ = {isa = PBXFileReference; lastKnownFileType = net.daringfireball.markdown; path = README.md; sourceTree = "<group>"; };
/* End PBXFileReference section */

/* Begin PBXFrameworksBuildPhase section */
		B775535B2901CC8C00495914 /* Frameworks */ = {
			isa = PBXFrameworksBuildPhase;
			buildActionMask = 2147483647;
			files = (
				B7A9ED9129090ED6008A1B62 /* CachedAsyncImage in Frameworks */,
			);
			runOnlyForDeploymentPostprocessing = 0;
		};
/* End PBXFrameworksBuildPhase section */

/* Begin PBXGroup section */
		B77553552901CC8B00495914 = {
			isa = PBXGroup;
			children = (
				B77553602901CC8C00495914 /* visages */,
				B775535F2901CC8C00495914 /* Products */,
			);
			sourceTree = "<group>";
		};
		B775535F2901CC8C00495914 /* Products */ = {
			isa = PBXGroup;
			children = (
				B775535E2901CC8C00495914 /* visages.app */,
			);
			name = Products;
			sourceTree = "<group>";
		};
		B77553602901CC8C00495914 /* visages */ = {
			isa = PBXGroup;
			children = (
				B77553612901CC8C00495914 /* visagesApp.swift */,
				B7A7B6872906DDF8002C4263 /* ListView.swift */,
				B77553632901CC8C00495914 /* ContentView.swift */,
				B77553652901CC9100495914 /* Assets.xcassets */,
				B77553672901CC9100495914 /* Preview Content */,
				B775536F2901E1D300495914 /* ImageModifier.swift */,
				B77553712902619C00495914 /* films.json */,
				B77553732902674A00495914 /* VisageUrls.swift */,
				B7A7B67D2902CDEC002C4263 /* CustomSlider.swift */,
				B7A7B67F2906A891002C4263 /* DVDPlayer.swift */,
				B7A7B6812906AA81002C4263 /* MockCover.swift */,
				B7A7B6832906D4C7002C4263 /* JSONFileLoader.swift */,
				B7A7B6852906D6D7002C4263 /* Visage.swift */,
				B7A7B689290714F0002C4263 /* WallView.swift */,
				B7A7B68B290715AD002C4263 /* Zoomable.swift */,
				B7A7B68D2907162E002C4263 /* SimpleSlider.swift */,
				B7A7B68F290716C7002C4263 /* NetworkImage.swift */,
				B740760129126F4C00D81833 /* ContextMenu.swift */,
				B708B4D5291B0B8100834CEE /* Movie.swift */,
				B708B4D7291B140A00834CEE /* MovieList.swift */,
				B708B4D9291B1E2F00834CEE /* ImageUrl.swift */,
				B708B4DB291B209200834CEE /* PhotoWall.swift */,
				B7AAEDE9291B920B00093936 /* ImageUrls.swift */,
				B7AAEDEB291BE10900093936 /* README.md */,
			);
			path = visages;
			sourceTree = "<group>";
		};
		B77553672901CC9100495914 /* Preview Content */ = {
			isa = PBXGroup;
			children = (
				B77553682901CC9100495914 /* Preview Assets.xcassets */,
			);
			path = "Preview Content";
			sourceTree = "<group>";
		};
/* End PBXGroup section */

/* Begin PBXNativeTarget section */
		B775535D2901CC8C00495914 /* visages */ = {
			isa = PBXNativeTarget;
			buildConfigurationList = B775536C2901CC9100495914 /* Build configuration list for PBXNativeTarget "visages" */;
			buildPhases = (
				B775535A2901CC8C00495914 /* Sources */,
				B775535B2901CC8C00495914 /* Frameworks */,
				B775535C2901CC8C00495914 /* Resources */,
			);
			buildRules = (
			);
			dependencies = (
			);
			name = visages;
			packageProductDependencies = (
				B7A9ED9029090ED6008A1B62 /* CachedAsyncImage */,
			);
			productName = visages;
			productReference = B775535E2901CC8C00495914 /* visages.app */;
			productType = "com.apple.product-type.application";
		};
/* End PBXNativeTarget section */

/* Begin PBXProject section */
		B77553562901CC8B00495914 /* Project object */ = {
			isa = PBXProject;
			attributes = {
				BuildIndependentTargetsInParallel = 1;
				LastSwiftUpdateCheck = 1400;
				LastUpgradeCheck = 1400;
				TargetAttributes = {
					B775535D2901CC8C00495914 = {
						CreatedOnToolsVersion = 14.0.1;
					};
				};
			};
			buildConfigurationList = B77553592901CC8B00495914 /* Build configuration list for PBXProject "visages" */;
			compatibilityVersion = "Xcode 14.0";
			developmentRegion = en;
			hasScannedForEncodings = 0;
			knownRegions = (
				en,
				Base,
			);
			mainGroup = B77553552901CC8B00495914;
			packageReferences = (
				B7A9ED8F29090ED6008A1B62 /* XCRemoteSwiftPackageReference "swiftui-cached-async-image" */,
			);
			productRefGroup = B775535F2901CC8C00495914 /* Products */;
			projectDirPath = "";
			projectRoot = "";
			targets = (
				B775535D2901CC8C00495914 /* visages */,
			);
		};
/* End PBXProject section */

/* Begin PBXResourcesBuildPhase section */
		B775535C2901CC8C00495914 /* Resources */ = {
			isa = PBXResourcesBuildPhase;
			buildActionMask = 2147483647;
			files = (
				B77553692901CC9100495914 /* Preview Assets.xcassets in Resources */,
				B77553662901CC9100495914 /* Assets.xcassets in Resources */,
				B77553722902619C00495914 /* films.json in Resources */,
			);
			runOnlyForDeploymentPostprocessing = 0;
		};
/* End PBXResourcesBuildPhase section */

/* Begin PBXSourcesBuildPhase section */
		B775535A2901CC8C00495914 /* Sources */ = {
			isa = PBXSourcesBuildPhase;
			buildActionMask = 2147483647;
			files = (
				B7A7B6842906D4C7002C4263 /* JSONFileLoader.swift in Sources */,
				B77553742902674B00495914 /* VisageUrls.swift in Sources */,
				B7A7B6882906DDF8002C4263 /* ListView.swift in Sources */,
				B7A7B6802906A892002C4263 /* DVDPlayer.swift in Sources */,
				B708B4D8291B140A00834CEE /* MovieList.swift in Sources */,
				B7A7B68A290714F0002C4263 /* WallView.swift in Sources */,
				B7A7B67E2902CDEC002C4263 /* CustomSlider.swift in Sources */,
				B7AAEDEA291B920B00093936 /* ImageUrls.swift in Sources */,
				B708B4D6291B0B8100834CEE /* Movie.swift in Sources */,
				B7A7B690290716C7002C4263 /* NetworkImage.swift in Sources */,
				B7A7B68C290715AD002C4263 /* Zoomable.swift in Sources */,
				B7A7B6862906D6D7002C4263 /* Visage.swift in Sources */,
				B7A7B68E2907162E002C4263 /* SimpleSlider.swift in Sources */,
				B740760229126F4C00D81833 /* ContextMenu.swift in Sources */,
				B708B4DC291B209200834CEE /* PhotoWall.swift in Sources */,
				B77553642901CC8C00495914 /* ContentView.swift in Sources */,
				B77553622901CC8C00495914 /* visagesApp.swift in Sources */,
				B708B4DA291B1E2F00834CEE /* ImageUrl.swift in Sources */,
				B77553702901E1D400495914 /* ImageModifier.swift in Sources */,
				B7A7B6822906AA81002C4263 /* MockCover.swift in Sources */,
			);
			runOnlyForDeploymentPostprocessing = 0;
		};
/* End PBXSourcesBuildPhase section */

/* Begin XCBuildConfiguration section */
		B775536A2901CC9100495914 /* Debug */ = {
			isa = XCBuildConfiguration;
			buildSettings = {
				ALWAYS_SEARCH_USER_PATHS = NO;
				CLANG_ANALYZER_NONNULL = YES;
				CLANG_ANALYZER_NUMBER_OBJECT_CONVERSION = YES_AGGRESSIVE;
				CLANG_CXX_LANGUAGE_STANDARD = "gnu++20";
				CLANG_ENABLE_MODULES = YES;
				CLANG_ENABLE_OBJC_ARC = YES;
				CLANG_ENABLE_OBJC_WEAK = YES;
				CLANG_WARN_BLOCK_CAPTURE_AUTORELEASING = YES;
				CLANG_WARN_BOOL_CONVERSION = YES;
				CLANG_WARN_COMMA = YES;
				CLANG_WARN_CONSTANT_CONVERSION = YES;
				CLANG_WARN_DEPRECATED_OBJC_IMPLEMENTATIONS = YES;
				CLANG_WARN_DIRECT_OBJC_ISA_USAGE = YES_ERROR;
				CLANG_WARN_DOCUMENTATION_COMMENTS = YES;
				CLANG_WARN_EMPTY_BODY = YES;
				CLANG_WARN_ENUM_CONVERSION = YES;
				CLANG_WARN_INFINITE_RECURSION = YES;
				CLANG_WARN_INT_CONVERSION = YES;
				CLANG_WARN_NON_LITERAL_NULL_CONVERSION = YES;
				CLANG_WARN_OBJC_IMPLICIT_RETAIN_SELF = YES;
				CLANG_WARN_OBJC_LITERAL_CONVERSION = YES;
				CLANG_WARN_OBJC_ROOT_CLASS = YES_ERROR;
				CLANG_WARN_QUOTED_INCLUDE_IN_FRAMEWORK_HEADER = YES;
				CLANG_WARN_RANGE_LOOP_ANALYSIS = YES;
				CLANG_WARN_STRICT_PROTOTYPES = YES;
				CLANG_WARN_SUSPICIOUS_MOVE = YES;
				CLANG_WARN_UNGUARDED_AVAILABILITY = YES_AGGRESSIVE;
				CLANG_WARN_UNREACHABLE_CODE = YES;
				CLANG_WARN__DUPLICATE_METHOD_MATCH = YES;
				COPY_PHASE_STRIP = NO;
				DEBUG_INFORMATION_FORMAT = dwarf;
				ENABLE_STRICT_OBJC_MSGSEND = YES;
				ENABLE_TESTABILITY = YES;
				GCC_C_LANGUAGE_STANDARD = gnu11;
				GCC_DYNAMIC_NO_PIC = NO;
				GCC_NO_COMMON_BLOCKS = YES;
				GCC_OPTIMIZATION_LEVEL = 0;
				GCC_PREPROCESSOR_DEFINITIONS = (
					"DEBUG=1",
					"$(inherited)",
				);
				GCC_WARN_64_TO_32_BIT_CONVERSION = YES;
				GCC_WARN_ABOUT_RETURN_TYPE = YES_ERROR;
				GCC_WARN_UNDECLARED_SELECTOR = YES;
				GCC_WARN_UNINITIALIZED_AUTOS = YES_AGGRESSIVE;
				GCC_WARN_UNUSED_FUNCTION = YES;
				GCC_WARN_UNUSED_VARIABLE = YES;
				IPHONEOS_DEPLOYMENT_TARGET = 16.0;
				MTL_ENABLE_DEBUG_INFO = INCLUDE_SOURCE;
				MTL_FAST_MATH = YES;
				ONLY_ACTIVE_ARCH = YES;
				SDKROOT = iphoneos;
				SWIFT_ACTIVE_COMPILATION_CONDITIONS = DEBUG;
				SWIFT_OPTIMIZATION_LEVEL = "-Onone";
			};
			name = Debug;
		};
		B775536B2901CC9100495914 /* Release */ = {
			isa = XCBuildConfiguration;
			buildSettings = {
				ALWAYS_SEARCH_USER_PATHS = NO;
				CLANG_ANALYZER_NONNULL = YES;
				CLANG_ANALYZER_NUMBER_OBJECT_CONVERSION = YES_AGGRESSIVE;
				CLANG_CXX_LANGUAGE_STANDARD = "gnu++20";
				CLANG_ENABLE_MODULES = YES;
				CLANG_ENABLE_OBJC_ARC = YES;
				CLANG_ENABLE_OBJC_WEAK = YES;
				CLANG_WARN_BLOCK_CAPTURE_AUTORELEASING = YES;
				CLANG_WARN_BOOL_CONVERSION = YES;
				CLANG_WARN_COMMA = YES;
				CLANG_WARN_CONSTANT_CONVERSION = YES;
				CLANG_WARN_DEPRECATED_OBJC_IMPLEMENTATIONS = YES;
				CLANG_WARN_DIRECT_OBJC_ISA_USAGE = YES_ERROR;
				CLANG_WARN_DOCUMENTATION_COMMENTS = YES;
				CLANG_WARN_EMPTY_BODY = YES;
				CLANG_WARN_ENUM_CONVERSION = YES;
				CLANG_WARN_INFINITE_RECURSION = YES;
				CLANG_WARN_INT_CONVERSION = YES;
				CLANG_WARN_NON_LITERAL_NULL_CONVERSION = YES;
				CLANG_WARN_OBJC_IMPLICIT_RETAIN_SELF = YES;
				CLANG_WARN_OBJC_LITERAL_CONVERSION = YES;
				CLANG_WARN_OBJC_ROOT_CLASS = YES_ERROR;
				CLANG_WARN_QUOTED_INCLUDE_IN_FRAMEWORK_HEADER = YES;
				CLANG_WARN_RANGE_LOOP_ANALYSIS = YES;
				CLANG_WARN_STRICT_PROTOTYPES = YES;
				CLANG_WARN_SUSPICIOUS_MOVE = YES;
				CLANG_WARN_UNGUARDED_AVAILABILITY = YES_AGGRESSIVE;
				CLANG_WARN_UNREACHABLE_CODE = YES;
				CLANG_WARN__DUPLICATE_METHOD_MATCH = YES;
				COPY_PHASE_STRIP = NO;
				DEBUG_INFORMATION_FORMAT = "dwarf-with-dsym";
				ENABLE_NS_ASSERTIONS = NO;
				ENABLE_STRICT_OBJC_MSGSEND = YES;
				GCC_C_LANGUAGE_STANDARD = gnu11;
				GCC_NO_COMMON_BLOCKS = YES;
				GCC_WARN_64_TO_32_BIT_CONVERSION = YES;
				GCC_WARN_ABOUT_RETURN_TYPE = YES_ERROR;
				GCC_WARN_UNDECLARED_SELECTOR = YES;
				GCC_WARN_UNINITIALIZED_AUTOS = YES_AGGRESSIVE;
				GCC_WARN_UNUSED_FUNCTION = YES;
				GCC_WARN_UNUSED_VARIABLE = YES;
				IPHONEOS_DEPLOYMENT_TARGET = 16.0;
				MTL_ENABLE_DEBUG_INFO = NO;
				MTL_FAST_MATH = YES;
				SDKROOT = iphoneos;
				SWIFT_COMPILATION_MODE = wholemodule;
				SWIFT_OPTIMIZATION_LEVEL = "-O";
				VALIDATE_PRODUCT = YES;
			};
			name = Release;
		};
		B775536D2901CC9100495914 /* Debug */ = {
			isa = XCBuildConfiguration;
			buildSettings = {
				ASSETCATALOG_COMPILER_APPICON_NAME = AppIcon;
				ASSETCATALOG_COMPILER_GLOBAL_ACCENT_COLOR_NAME = AccentColor;
				CODE_SIGN_STYLE = Automatic;
				CURRENT_PROJECT_VERSION = 1;
				DEVELOPMENT_ASSET_PATHS = "\"visages/Preview Content\"";
				DEVELOPMENT_TEAM = 28P479F5S2;
				ENABLE_PREVIEWS = YES;
				GENERATE_INFOPLIST_FILE = YES;
				INFOPLIST_KEY_UIApplicationSceneManifest_Generation = YES;
				INFOPLIST_KEY_UIApplicationSupportsIndirectInputEvents = YES;
				INFOPLIST_KEY_UILaunchScreen_Generation = YES;
				INFOPLIST_KEY_UISupportedInterfaceOrientations_iPad = "UIInterfaceOrientationPortrait UIInterfaceOrientationPortraitUpsideDown UIInterfaceOrientationLandscapeLeft UIInterfaceOrientationLandscapeRight";
				INFOPLIST_KEY_UISupportedInterfaceOrientations_iPhone = "UIInterfaceOrientationPortrait UIInterfaceOrientationLandscapeLeft UIInterfaceOrientationLandscapeRight";
				LD_RUNPATH_SEARCH_PATHS = (
					"$(inherited)",
					"@executable_path/Frameworks",
				);
				MARKETING_VERSION = 1.0;
				PRODUCT_BUNDLE_IDENTIFIER = com.nek.visages;
				PRODUCT_NAME = "$(TARGET_NAME)";
				SWIFT_EMIT_LOC_STRINGS = YES;
				SWIFT_VERSION = 5.0;
				TARGETED_DEVICE_FAMILY = "1,2";
			};
			name = Debug;
		};
		B775536E2901CC9100495914 /* Release */ = {
			isa = XCBuildConfiguration;
			buildSettings = {
				ASSETCATALOG_COMPILER_APPICON_NAME = AppIcon;
				ASSETCATALOG_COMPILER_GLOBAL_ACCENT_COLOR_NAME = AccentColor;
				CODE_SIGN_STYLE = Automatic;
				CURRENT_PROJECT_VERSION = 1;
				DEVELOPMENT_ASSET_PATHS = "\"visages/Preview Content\"";
				DEVELOPMENT_TEAM = 28P479F5S2;
				ENABLE_PREVIEWS = YES;
				GENERATE_INFOPLIST_FILE = YES;
				INFOPLIST_KEY_UIApplicationSceneManifest_Generation = YES;
				INFOPLIST_KEY_UIApplicationSupportsIndirectInputEvents = YES;
				INFOPLIST_KEY_UILaunchScreen_Generation = YES;
				INFOPLIST_KEY_UISupportedInterfaceOrientations_iPad = "UIInterfaceOrientationPortrait UIInterfaceOrientationPortraitUpsideDown UIInterfaceOrientationLandscapeLeft UIInterfaceOrientationLandscapeRight";
				INFOPLIST_KEY_UISupportedInterfaceOrientations_iPhone = "UIInterfaceOrientationPortrait UIInterfaceOrientationLandscapeLeft UIInterfaceOrientationLandscapeRight";
				LD_RUNPATH_SEARCH_PATHS = (
					"$(inherited)",
					"@executable_path/Frameworks",
				);
				MARKETING_VERSION = 1.0;
				PRODUCT_BUNDLE_IDENTIFIER = com.nek.visages;
				PRODUCT_NAME = "$(TARGET_NAME)";
				SWIFT_EMIT_LOC_STRINGS = YES;
				SWIFT_VERSION = 5.0;
				TARGETED_DEVICE_FAMILY = "1,2";
			};
			name = Release;
		};
/* End XCBuildConfiguration section */

/* Begin XCConfigurationList section */
		B77553592901CC8B00495914 /* Build configuration list for PBXProject "visages" */ = {
			isa = XCConfigurationList;
			buildConfigurations = (
				B775536A2901CC9100495914 /* Debug */,
				B775536B2901CC9100495914 /* Release */,
			);
			defaultConfigurationIsVisible = 0;
			defaultConfigurationName = Release;
		};
		B775536C2901CC9100495914 /* Build configuration list for PBXNativeTarget "visages" */ = {
			isa = XCConfigurationList;
			buildConfigurations = (
				B775536D2901CC9100495914 /* Debug */,
				B775536E2901CC9100495914 /* Release */,
			);
			defaultConfigurationIsVisible = 0;
			defaultConfigurationName = Release;
		};
/* End XCConfigurationList section */

/* Begin XCRemoteSwiftPackageReference section */
		B7A9ED8F29090ED6008A1B62 /* XCRemoteSwiftPackageReference "swiftui-cached-async-image" */ = {
			isa = XCRemoteSwiftPackageReference;
			repositoryURL = "https://github.com/lorenzofiamingo/swiftui-cached-async-image";
			requirement = {
				kind = upToNextMajorVersion;
				minimumVersion = 2.0.0;
			};
		};
/* End XCRemoteSwiftPackageReference section */

/* Begin XCSwiftPackageProductDependency section */
		B7A9ED9029090ED6008A1B62 /* CachedAsyncImage */ = {
			isa = XCSwiftPackageProductDependency;
			package = B7A9ED8F29090ED6008A1B62 /* XCRemoteSwiftPackageReference "swiftui-cached-async-image" */;
			productName = CachedAsyncImage;
		};
/* End XCSwiftPackageProductDependency section */
	};
	rootObject = B77553562901CC8B00495914 /* Project object */;
}
